// !$*UTF8*$!
{
	archiveVersion = 1;
	classes = {
	};
	objectVersion = 55;
	objects = {

/* Begin PBXBuildFile section */
		DA1770E3282FE20C00013181 /* AppDelegate.swift in Sources */ = {isa = PBXBuildFile; fileRef = DA1770E2282FE20C00013181 /* AppDelegate.swift */; };
		DA1770E5282FE20C00013181 /* SceneDelegate.swift in Sources */ = {isa = PBXBuildFile; fileRef = DA1770E4282FE20C00013181 /* SceneDelegate.swift */; };
		DA1770E7282FE20C00013181 /* ViewController.swift in Sources */ = {isa = PBXBuildFile; fileRef = DA1770E6282FE20C00013181 /* ViewController.swift */; };
		DA1770EA282FE20C00013181 /* Main.storyboard in Resources */ = {isa = PBXBuildFile; fileRef = DA1770E8282FE20C00013181 /* Main.storyboard */; };
		DA1770EC282FE20D00013181 /* Assets.xcassets in Resources */ = {isa = PBXBuildFile; fileRef = DA1770EB282FE20D00013181 /* Assets.xcassets */; };
		DA1770EF282FE20D00013181 /* LaunchScreen.storyboard in Resources */ = {isa = PBXBuildFile; fileRef = DA1770ED282FE20D00013181 /* LaunchScreen.storyboard */; };
		DA1770F7282FE28800013181 /* NotHucreTableViewCell.swift in Sources */ = {isa = PBXBuildFile; fileRef = DA1770F6282FE28800013181 /* NotHucreTableViewCell.swift */; };
		DA1770F9282FE29E00013181 /* NotDetayViewController.swift in Sources */ = {isa = PBXBuildFile; fileRef = DA1770F8282FE29E00013181 /* NotDetayViewController.swift */; };
		DA1770FB282FE2A700013181 /* NotEkleViewController.swift in Sources */ = {isa = PBXBuildFile; fileRef = DA1770FA282FE2A700013181 /* NotEkleViewController.swift */; };
		DA1770FD282FE2BF00013181 /* Notlar.swift in Sources */ = {isa = PBXBuildFile; fileRef = DA1770FC282FE2BF00013181 /* Notlar.swift */; };
/* End PBXBuildFile section */

/* Begin PBXFileReference section */
		DA1770DF282FE20C00013181 /* udemy_urlsession_puan.app */ = {isa = PBXFileReference; explicitFileType = wrapper.application; includeInIndex = 0; path = udemy_urlsession_puan.app; sourceTree = BUILT_PRODUCTS_DIR; };
		DA1770E2282FE20C00013181 /* AppDelegate.swift */ = {isa = PBXFileReference; lastKnownFileType = sourcecode.swift; path = AppDelegate.swift; sourceTree = "<group>"; };
		DA1770E4282FE20C00013181 /* SceneDelegate.swift */ = {isa = PBXFileReference; lastKnownFileType = sourcecode.swift; path = SceneDelegate.swift; sourceTree = "<group>"; };
		DA1770E6282FE20C00013181 /* ViewController.swift */ = {isa = PBXFileReference; lastKnownFileType = sourcecode.swift; path = ViewController.swift; sourceTree = "<group>"; };
		DA1770E9282FE20C00013181 /* Base */ = {isa = PBXFileReference; lastKnownFileType = file.storyboard; name = Base; path = Base.lproj/Main.storyboard; sourceTree = "<group>"; };
		DA1770EB282FE20D00013181 /* Assets.xcassets */ = {isa = PBXFileReference; lastKnownFileType = folder.assetcatalog; path = Assets.xcassets; sourceTree = "<group>"; };
		DA1770EE282FE20D00013181 /* Base */ = {isa = PBXFileReference; lastKnownFileType = file.storyboard; name = Base; path = Base.lproj/LaunchScreen.storyboard; sourceTree = "<group>"; };
		DA1770F0282FE20D00013181 /* Info.plist */ = {isa = PBXFileReference; lastKnownFileType = text.plist.xml; path = Info.plist; sourceTree = "<group>"; };
		DA1770F6282FE28800013181 /* NotHucreTableViewCell.swift */ = {isa = PBXFileReference; lastKnownFileType = sourcecode.swift; path = NotHucreTableViewCell.swift; sourceTree = "<group>"; };
		DA1770F8282FE29E00013181 /* NotDetayViewController.swift */ = {isa = PBXFileReference; lastKnownFileType = sourcecode.swift; path = NotDetayViewController.swift; sourceTree = "<group>"; };
		DA1770FA282FE2A700013181 /* NotEkleViewController.swift */ = {isa = PBXFileReference; lastKnownFileType = sourcecode.swift; path = NotEkleViewController.swift; sourceTree = "<group>"; };
		DA1770FC282FE2BF00013181 /* Notlar.swift */ = {isa = PBXFileReference; lastKnownFileType = sourcecode.swift; path = Notlar.swift; sourceTree = "<group>"; };
/* End PBXFileReference section */

/* Begin PBXFrameworksBuildPhase section */
		DA1770DC282FE20C00013181 /* Frameworks */ = {
			isa = PBXFrameworksBuildPhase;
			buildActionMask = 2147483647;
			files = (
			);
			runOnlyForDeploymentPostprocessing = 0;
		};
/* End PBXFrameworksBuildPhase section */

/* Begin PBXGroup section */
		DA1770D6282FE20C00013181 = {
			isa = PBXGroup;
			children = (
				DA1770E1282FE20C00013181 /* udemy_urlsession_puan */,
				DA1770E0282FE20C00013181 /* Products */,
			);
			sourceTree = "<group>";
		};
		DA1770E0282FE20C00013181 /* Products */ = {
			isa = PBXGroup;
			children = (
				DA1770DF282FE20C00013181 /* udemy_urlsession_puan.app */,
			);
			name = Products;
			sourceTree = "<group>";
		};
		DA1770E1282FE20C00013181 /* udemy_urlsession_puan */ = {
			isa = PBXGroup;
			children = (
				DA1770E2282FE20C00013181 /* AppDelegate.swift */,
				DA1770E4282FE20C00013181 /* SceneDelegate.swift */,
				DA1770E6282FE20C00013181 /* ViewController.swift */,
				DA1770FA282FE2A700013181 /* NotEkleViewController.swift */,
				DA1770F8282FE29E00013181 /* NotDetayViewController.swift */,
				DA1770F6282FE28800013181 /* NotHucreTableViewCell.swift */,
				DA1770FC282FE2BF00013181 /* Notlar.swift */,
				DA1770E8282FE20C00013181 /* Main.storyboard */,
				DA1770ED282FE20D00013181 /* LaunchScreen.storyboard */,
				DA1770EB282FE20D00013181 /* Assets.xcassets */,
				DA1770F0282FE20D00013181 /* Info.plist */,
			);
			path = udemy_urlsession_puan;
			sourceTree = "<group>";
		};
/* End PBXGroup section */

/* Begin PBXNativeTarget section */
		DA1770DE282FE20C00013181 /* udemy_urlsession_puan */ = {
			isa = PBXNativeTarget;
			buildConfigurationList = DA1770F3282FE20D00013181 /* Build configuration list for PBXNativeTarget "udemy_urlsession_puan" */;
			buildPhases = (
				DA1770DB282FE20C00013181 /* Sources */,
				DA1770DC282FE20C00013181 /* Frameworks */,
				DA1770DD282FE20C00013181 /* Resources */,
			);
			buildRules = (
			);
			dependencies = (
			);
			name = udemy_urlsession_puan;
			productName = udemy_urlsession_puan;
			productReference = DA1770DF282FE20C00013181 /* udemy_urlsession_puan.app */;
			productType = "com.apple.product-type.application";
		};
/* End PBXNativeTarget section */

/* Begin PBXProject section */
		DA1770D7282FE20C00013181 /* Project object */ = {
			isa = PBXProject;
			attributes = {
				BuildIndependentTargetsInParallel = 1;
				LastSwiftUpdateCheck = 1330;
				LastUpgradeCheck = 1330;
				TargetAttributes = {
					DA1770DE282FE20C00013181 = {
						CreatedOnToolsVersion = 13.3.1;
					};
				};
			};
			buildConfigurationList = DA1770DA282FE20C00013181 /* Build configuration list for PBXProject "udemy_urlsession_puan" */;
			compatibilityVersion = "Xcode 13.0";
			developmentRegion = en;
			hasScannedForEncodings = 0;
			knownRegions = (
				en,
				Base,
			);
			mainGroup = DA1770D6282FE20C00013181;
			productRefGroup = DA1770E0282FE20C00013181 /* Products */;
			projectDirPath = "";
			projectRoot = "";
			targets = (
				DA1770DE282FE20C00013181 /* udemy_urlsession_puan */,
			);
		};
/* End PBXProject section */

/* Begin PBXResourcesBuildPhase section */
		DA1770DD282FE20C00013181 /* Resources */ = {
			isa = PBXResourcesBuildPhase;
			buildActionMask = 2147483647;
			files = (
				DA1770EF282FE20D00013181 /* LaunchScreen.storyboard in Resources */,
				DA1770EC282FE20D00013181 /* Assets.xcassets in Resources */,
				DA1770EA282FE20C00013181 /* Main.storyboard in Resources */,
			);
			runOnlyForDeploymentPostprocessing = 0;
		};
/* End PBXResourcesBuildPhase section */

/* Begin PBXSourcesBuildPhase section */
		DA1770DB282FE20C00013181 /* Sources */ = {
			isa = PBXSourcesBuildPhase;
			buildActionMask = 2147483647;
			files = (
				DA1770E7282FE20C00013181 /* ViewController.swift in Sources */,
				DA1770FD282FE2BF00013181 /* Notlar.swift in Sources */,
				DA1770F7282FE28800013181 /* NotHucreTableViewCell.swift in Sources */,
				DA1770E3282FE20C00013181 /* AppDelegate.swift in Sources */,
				DA1770FB282FE2A700013181 /* NotEkleViewController.swift in Sources */,
				DA1770F9282FE29E00013181 /* NotDetayViewController.swift in Sources */,
				DA1770E5282FE20C00013181 /* SceneDelegate.swift in Sources */,
			);
			runOnlyForDeploymentPostprocessing = 0;
		};
/* End PBXSourcesBuildPhase section */

/* Begin PBXVariantGroup section */
		DA1770E8282FE20C00013181 /* Main.storyboard */ = {
			isa = PBXVariantGroup;
			children = (
				DA1770E9282FE20C00013181 /* Base */,
			);
			name = Main.storyboard;
			sourceTree = "<group>";
		};
		DA1770ED282FE20D00013181 /* LaunchScreen.storyboard */ = {
			isa = PBXVariantGroup;
			children = (
				DA1770EE282FE20D00013181 /* Base */,
			);
			name = LaunchScreen.storyboard;
			sourceTree = "<group>";
		};
/* End PBXVariantGroup section */

/* Begin XCBuildConfiguration section */
		DA1770F1282FE20D00013181 /* Debug */ = {
			isa = XCBuildConfiguration;
			buildSettings = {
				ALWAYS_SEARCH_USER_PATHS = NO;
				CLANG_ANALYZER_NONNULL = YES;
				CLANG_ANALYZER_NUMBER_OBJECT_CONVERSION = YES_AGGRESSIVE;
				CLANG_CXX_LANGUAGE_STANDARD = "gnu++17";
				CLANG_ENABLE_MODULES = YES;
				CLANG_ENABLE_OBJC_ARC = YES;
				CLANG_ENABLE_OBJC_WEAK = YES;
				CLANG_WARN_BLOCK_CAPTURE_AUTORELEASING = YES;
				CLANG_WARN_BOOL_CONVERSION = YES;
				CLANG_WARN_COMMA = YES;
				CLANG_WARN_CONSTANT_CONVERSION = YES;
				CLANG_WARN_DEPRECATED_OBJC_IMPLEMENTATIONS = YES;
				CLANG_WARN_DIRECT_OBJC_ISA_USAGE = YES_ERROR;
				CLANG_WARN_DOCUMENTATION_COMMENTS = YES;
				CLANG_WARN_EMPTY_BODY = YES;
				CLANG_WARN_ENUM_CONVERSION = YES;
				CLANG_WARN_INFINITE_RECURSION = YES;
				CLANG_WARN_INT_CONVERSION = YES;
				CLANG_WARN_NON_LITERAL_NULL_CONVERSION = YES;
				CLANG_WARN_OBJC_IMPLICIT_RETAIN_SELF = YES;
				CLANG_WARN_OBJC_LITERAL_CONVERSION = YES;
				CLANG_WARN_OBJC_ROOT_CLASS = YES_ERROR;
				CLANG_WARN_QUOTED_INCLUDE_IN_FRAMEWORK_HEADER = YES;
				CLANG_WARN_RANGE_LOOP_ANALYSIS = YES;
				CLANG_WARN_STRICT_PROTOTYPES = YES;
				CLANG_WARN_SUSPICIOUS_MOVE = YES;
				CLANG_WARN_UNGUARDED_AVAILABILITY = YES_AGGRESSIVE;
				CLANG_WARN_UNREACHABLE_CODE = YES;
				CLANG_WARN__DUPLICATE_METHOD_MATCH = YES;
				COPY_PHASE_STRIP = NO;
				DEBUG_INFORMATION_FORMAT = dwarf;
				ENABLE_STRICT_OBJC_MSGSEND = YES;
				ENABLE_TESTABILITY = YES;
				GCC_C_LANGUAGE_STANDARD = gnu11;
				GCC_DYNAMIC_NO_PIC = NO;
				GCC_NO_COMMON_BLOCKS = YES;
				GCC_OPTIMIZATION_LEVEL = 0;
				GCC_PREPROCESSOR_DEFINITIONS = (
					"DEBUG=1",
					"$(inherited)",
				);
				GCC_WARN_64_TO_32_BIT_CONVERSION = YES;
				GCC_WARN_ABOUT_RETURN_TYPE = YES_ERROR;
				GCC_WARN_UNDECLARED_SELECTOR = YES;
				GCC_WARN_UNINITIALIZED_AUTOS = YES_AGGRESSIVE;
				GCC_WARN_UNUSED_FUNCTION = YES;
				GCC_WARN_UNUSED_VARIABLE = YES;
				IPHONEOS_DEPLOYMENT_TARGET = 15.4;
				MTL_ENABLE_DEBUG_INFO = INCLUDE_SOURCE;
				MTL_FAST_MATH = YES;
				ONLY_ACTIVE_ARCH = YES;
				SDKROOT = iphoneos;
				SWIFT_ACTIVE_COMPILATION_CONDITIONS = DEBUG;
				SWIFT_OPTIMIZATION_LEVEL = "-Onone";
			};
			name = Debug;
		};
		DA1770F2282FE20D00013181 /* Release */ = {
			isa = XCBuildConfiguration;
			buildSettings = {
				ALWAYS_SEARCH_USER_PATHS = NO;
				CLANG_ANALYZER_NONNULL = YES;
				CLANG_ANALYZER_NUMBER_OBJECT_CONVERSION = YES_AGGRESSIVE;
				CLANG_CXX_LANGUAGE_STANDARD = "gnu++17";
				CLANG_ENABLE_MODULES = YES;
				CLANG_ENABLE_OBJC_ARC = YES;
				CLANG_ENABLE_OBJC_WEAK = YES;
				CLANG_WARN_BLOCK_CAPTURE_AUTORELEASING = YES;
				CLANG_WARN_BOOL_CONVERSION = YES;
				CLANG_WARN_COMMA = YES;
				CLANG_WARN_CONSTANT_CONVERSION = YES;
				CLANG_WARN_DEPRECATED_OBJC_IMPLEMENTATIONS = YES;
				CLANG_WARN_DIRECT_OBJC_ISA_USAGE = YES_ERROR;
				CLANG_WARN_DOCUMENTATION_COMMENTS = YES;
				CLANG_WARN_EMPTY_BODY = YES;
				CLANG_WARN_ENUM_CONVERSION = YES;
				CLANG_WARN_INFINITE_RECURSION = YES;
				CLANG_WARN_INT_CONVERSION = YES;
				CLANG_WARN_NON_LITERAL_NULL_CONVERSION = YES;
				CLANG_WARN_OBJC_IMPLICIT_RETAIN_SELF = YES;
				CLANG_WARN_OBJC_LITERAL_CONVERSION = YES;
				CLANG_WARN_OBJC_ROOT_CLASS = YES_ERROR;
				CLANG_WARN_QUOTED_INCLUDE_IN_FRAMEWORK_HEADER = YES;
				CLANG_WARN_RANGE_LOOP_ANALYSIS = YES;
				CLANG_WARN_STRICT_PROTOTYPES = YES;
				CLANG_WARN_SUSPICIOUS_MOVE = YES;
				CLANG_WARN_UNGUARDED_AVAILABILITY = YES_AGGRESSIVE;
				CLANG_WARN_UNREACHABLE_CODE = YES;
				CLANG_WARN__DUPLICATE_METHOD_MATCH = YES;
				COPY_PHASE_STRIP = NO;
				DEBUG_INFORMATION_FORMAT = "dwarf-with-dsym";
				ENABLE_NS_ASSERTIONS = NO;
				ENABLE_STRICT_OBJC_MSGSEND = YES;
				GCC_C_LANGUAGE_STANDARD = gnu11;
				GCC_NO_COMMON_BLOCKS = YES;
				GCC_WARN_64_TO_32_BIT_CONVERSION = YES;
				GCC_WARN_ABOUT_RETURN_TYPE = YES_ERROR;
				GCC_WARN_UNDECLARED_SELECTOR = YES;
				GCC_WARN_UNINITIALIZED_AUTOS = YES_AGGRESSIVE;
				GCC_WARN_UNUSED_FUNCTION = YES;
				GCC_WARN_UNUSED_VARIABLE = YES;
				IPHONEOS_DEPLOYMENT_TARGET = 15.4;
				MTL_ENABLE_DEBUG_INFO = NO;
				MTL_FAST_MATH = YES;
				SDKROOT = iphoneos;
				SWIFT_COMPILATION_MODE = wholemodule;
				SWIFT_OPTIMIZATION_LEVEL = "-O";
				VALIDATE_PRODUCT = YES;
			};
			name = Release;
		};
		DA1770F4282FE20D00013181 /* Debug */ = {
			isa = XCBuildConfiguration;
			buildSettings = {
				ASSETCATALOG_COMPILER_APPICON_NAME = AppIcon;
				ASSETCATALOG_COMPILER_GLOBAL_ACCENT_COLOR_NAME = AccentColor;
				CODE_SIGN_STYLE = Automatic;
				CURRENT_PROJECT_VERSION = 1;
				DEVELOPMENT_TEAM = PFMP7MNJM2;
				GENERATE_INFOPLIST_FILE = YES;
				INFOPLIST_FILE = udemy_urlsession_puan/Info.plist;
				INFOPLIST_KEY_UIApplicationSupportsIndirectInputEvents = YES;
				INFOPLIST_KEY_UILaunchStoryboardName = LaunchScreen;
				INFOPLIST_KEY_UIMainStoryboardFile = Main;
				INFOPLIST_KEY_UISupportedInterfaceOrientations_iPad = "UIInterfaceOrientationPortrait UIInterfaceOrientationPortraitUpsideDown UIInterfaceOrientationLandscapeLeft UIInterfaceOrientationLandscapeRight";
				INFOPLIST_KEY_UISupportedInterfaceOrientations_iPhone = "UIInterfaceOrientationPortrait UIInterfaceOrientationLandscapeLeft UIInterfaceOrientationLandscapeRight";
				LD_RUNPATH_SEARCH_PATHS = (
					"$(inherited)",
					"@executable_path/Frameworks",
				);
				MARKETING_VERSION = 1.0;
				PRODUCT_BUNDLE_IDENTIFIER = "com.erenveudemy.udemy-urlsession-puan";
				PRODUCT_NAME = "$(TARGET_NAME)";
				SWIFT_EMIT_LOC_STRINGS = YES;
				SWIFT_VERSION = 5.0;
				TARGETED_DEVICE_FAMILY = "1,2";
			};
			name = Debug;
		};
		DA1770F5282FE20D00013181 /* Release */ = {
			isa = XCBuildConfiguration;
			buildSettings = {
				ASSETCATALOG_COMPILER_APPICON_NAME = AppIcon;
				ASSETCATALOG_COMPILER_GLOBAL_ACCENT_COLOR_NAME = AccentColor;
				CODE_SIGN_STYLE = Automatic;
				CURRENT_PROJECT_VERSION = 1;
				DEVELOPMENT_TEAM = PFMP7MNJM2;
				GENERATE_INFOPLIST_FILE = YES;
				INFOPLIST_FILE = udemy_urlsession_puan/Info.plist;
				INFOPLIST_KEY_UIApplicationSupportsIndirectInputEvents = YES;
				INFOPLIST_KEY_UILaunchStoryboardName = LaunchScreen;
				INFOPLIST_KEY_UIMainStoryboardFile = Main;
				INFOPLIST_KEY_UISupportedInterfaceOrientations_iPad = "UIInterfaceOrientationPortrait UIInterfaceOrientationPortraitUpsideDown UIInterfaceOrientationLandscapeLeft UIInterfaceOrientationLandscapeRight";
				INFOPLIST_KEY_UISupportedInterfaceOrientations_iPhone = "UIInterfaceOrientationPortrait UIInterfaceOrientationLandscapeLeft UIInterfaceOrientationLandscapeRight";
				LD_RUNPATH_SEARCH_PATHS = (
					"$(inherited)",
					"@executable_path/Frameworks",
				);
				MARKETING_VERSION = 1.0;
				PRODUCT_BUNDLE_IDENTIFIER = "com.erenveudemy.udemy-urlsession-puan";
				PRODUCT_NAME = "$(TARGET_NAME)";
				SWIFT_EMIT_LOC_STRINGS = YES;
				SWIFT_VERSION = 5.0;
				TARGETED_DEVICE_FAMILY = "1,2";
			};
			name = Release;
		};
/* End XCBuildConfiguration section */

/* Begin XCConfigurationList section */
		DA1770DA282FE20C00013181 /* Build configuration list for PBXProject "udemy_urlsession_puan" */ = {
			isa = XCConfigurationList;
			buildConfigurations = (
				DA1770F1282FE20D00013181 /* Debug */,
				DA1770F2282FE20D00013181 /* Release */,
			);
			defaultConfigurationIsVisible = 0;
			defaultConfigurationName = Release;
		};
		DA1770F3282FE20D00013181 /* Build configuration list for PBXNativeTarget "udemy_urlsession_puan" */ = {
			isa = XCConfigurationList;
			buildConfigurations = (
				DA1770F4282FE20D00013181 /* Debug */,
				DA1770F5282FE20D00013181 /* Release */,
			);
			defaultConfigurationIsVisible = 0;
			defaultConfigurationName = Release;
		};
/* End XCConfigurationList section */
	};
	rootObject = DA1770D7282FE20C00013181 /* Project object */;
}
